
Microsoft Visual Studio Solution File, Format Version 12.00
# Visual Studio Version 16
VisualStudioVersion = 16.0.31613.86
MinimumVisualStudioVersion = 10.0.40219.1
Project("{FAE04EC0-301F-11D3-BF4B-00C04F79EFBC}") = "Section01", "Section01\Section01.csproj", "{AF6537A6-7C08-4D4B-B6F1-31A0E4EDDBA8}"
EndProject
Global
	GlobalSection(SolutionConfigurationPlatforms) = preSolution
		Debug|Any CPU = Debug|Any CPU
		Release|Any CPU = Release|Any CPU
	EndGlobalSection
	GlobalSection(ProjectConfigurationPlatforms) = postSolution
		{AF6537A6-7C08-4D4B-B6F1-31A0E4EDDBA8}.Debug|Any CPU.ActiveCfg = Debug|Any CPU
		{AF6537A6-7C08-4D4B-B6F1-31A0E4EDDBA8}.Debug|Any CPU.Build.0 = Debug|Any CPU
		{AF6537A6-7C08-4D4B-B6F1-31A0E4EDDBA8}.Release|Any CPU.ActiveCfg = Release|Any CPU
		{AF6537A6-7C08-4D4B-B6F1-31A0E4EDDBA8}.Release|Any CPU.Build.0 = Release|Any CPU
	EndGlobalSection
	GlobalSection(SolutionProperties) = preSolution
		HideSolutionNode = FALSE
	EndGlobalSection
	GlobalSection(ExtensibilityGlobals) = postSolution
		SolutionGuid = {0A36AAB8-E028-4F93-B9AA-044FEC68EA6C}
	EndGlobalSection
EndGlobal
