
Microsoft Visual Studio Solution File, Format Version 12.00
# Visual Studio Version 16
VisualStudioVersion = 16.0.31112.23
MinimumVisualStudioVersion = 10.0.40219.1
Project("{2150E333-8FDC-42A3-9474-1A3956D46DE8}") = "Chapter02", "Chapter02", "{F071A841-5391-4D56-919E-0D9D89AC8070}"
EndProject
Project("{FAE04EC0-301F-11D3-BF4B-00C04F79EFBC}") = "DistanceConverter", "DistanceConverter\DistanceConverter.csproj", "{90DF7E81-6F22-4296-960A-F322241072CE}"
EndProject
Project("{FAE04EC0-301F-11D3-BF4B-00C04F79EFBC}") = "SalesCalculator", "SalesCalculator\SalesCalculator.csproj", "{0B6B2F47-52F2-4AC7-87DF-017A30ED918E}"
EndProject
Project("{FAE04EC0-301F-11D3-BF4B-00C04F79EFBC}") = "Exercise1", "Exercise1\Exercise1.csproj", "{3B954E8D-0FB2-43E5-99FE-4C763A0D1984}"
EndProject
Project("{2150E333-8FDC-42A3-9474-1A3956D46DE8}") = "Exercise", "Exercise", "{E2F6D776-6BC7-4ED1-AE5A-0F4FF33DB669}"
EndProject
Project("{FAE04EC0-301F-11D3-BF4B-00C04F79EFBC}") = "Exercise2", "Exercise2\Exercise2.csproj", "{33FDCB49-70E0-473A-B039-6EDF1597E194}"
EndProject
Project("{FAE04EC0-301F-11D3-BF4B-00C04F79EFBC}") = "Exercise3", "Exercise3\Exercise3.csproj", "{29213709-E751-401B-B94C-E36E78995C06}"
EndProject
Project("{FAE04EC0-301F-11D3-BF4B-00C04F79EFBC}") = "section01", "section01\section01.csproj", "{0FD5F78A-4254-4AF6-B180-AFFAAB0CD17F}"
EndProject
Project("{2150E333-8FDC-42A3-9474-1A3956D46DE8}") = "Chapter03", "Chapter03", "{C66B3A82-F576-4CD8-BC83-9A3A86A96847}"
EndProject
Project("{2150E333-8FDC-42A3-9474-1A3956D46DE8}") = "Chapter04", "Chapter04", "{A7814745-4777-4575-A201-5CCC510941DF}"
EndProject
Project("{FAE04EC0-301F-11D3-BF4B-00C04F79EFBC}") = "Exercise1", "Chapter04\Exercise\Exercise1\Exercise1.csproj", "{07BA6198-C70D-4E8E-87AB-20CF18A3A7FE}"
EndProject
Project("{2150E333-8FDC-42A3-9474-1A3956D46DE8}") = "Exercise", "Exercise", "{5BD1ACF9-27CA-4620-BAD6-5D7F3126B2E8}"
EndProject
Project("{FAE04EC0-301F-11D3-BF4B-00C04F79EFBC}") = "Exercise2", "Chapter04\Exercise\Exercise2\Exercise2.csproj", "{09CC7D82-4F23-415E-B974-6EB39A8F5CFB}"
EndProject
Project("{FAE04EC0-301F-11D3-BF4B-00C04F79EFBC}") = "Exercise1", "Chapter05\Exercise1\Exercise1.csproj", "{9662A641-6C85-4DA4-8A2F-2C87124F95E6}"
EndProject
Project("{2150E333-8FDC-42A3-9474-1A3956D46DE8}") = "Chapter05", "Chapter05", "{75124279-98D9-433D-A618-E41A62E90B6A}"
EndProject
Project("{FAE04EC0-301F-11D3-BF4B-00C04F79EFBC}") = "Test01", "TestProject\Test01\Test01.csproj", "{2BFACDC3-F44D-4199-8498-F5C3C4AC0335}"
EndProject
Project("{FAE04EC0-301F-11D3-BF4B-00C04F79EFBC}") = "Test02", "TestProject\Test02\Test02.csproj", "{E461C0A8-8900-485C-B520-E929BA33F712}"
EndProject
Project("{2150E333-8FDC-42A3-9474-1A3956D46DE8}") = "Testプロジェクト", "Testプロジェクト", "{EF7E40C2-6165-4F3D-84A9-2F80C33D5AFB}"
EndProject
Project("{FAE04EC0-301F-11D3-BF4B-00C04F79EFBC}") = "Section03", "\\172.16.42.1\学生共有\#infosys2021\２期目\Chapter07\Section03\Section03.csproj", "{9666A25E-BC82-487A-A2BF-FF02E7DD010C}"
EndProject
Project("{FAE04EC0-301F-11D3-BF4B-00C04F79EFBC}") = "Exercise1", "Chapter08\Exercise1\Exercise1.csproj", "{ECC21992-DC9F-40BF-8B60-8C19ED65749C}"
EndProject
Project("{FAE04EC0-301F-11D3-BF4B-00C04F79EFBC}") = "CarReportSystem", "\\172.16.42.1\学生共有\#infosys2021\２期目\CarReportSystem\CarReportSystem\CarReportSystem.csproj", "{C82266BE-6C97-4294-89E1-F1FD0B87B6E0}"
EndProject
Project("{2150E333-8FDC-42A3-9474-1A3956D46DE8}") = "Chapter07", "Chapter07", "{DD343856-D0E2-4DBF-AEDF-DE7C60AC3F74}"
EndProject
Project("{2150E333-8FDC-42A3-9474-1A3956D46DE8}") = "CarReportSystem", "CarReportSystem", "{08B6BEAE-C0ED-4982-9A62-1545DAED9E20}"
EndProject
Project("{2150E333-8FDC-42A3-9474-1A3956D46DE8}") = "Chapter06", "Chapter06", "{453AB941-99FD-4073-BCC4-EE6CEAC63DCB}"
EndProject
Project("{2150E333-8FDC-42A3-9474-1A3956D46DE8}") = "Chapter08", "Chapter08", "{381D919C-00B3-45F3-BBD5-FA826C7F2C81}"
	ProjectSection(SolutionItems) = preProject
		E:\Chapter08\Exercise1\Form1.resx = E:\Chapter08\Exercise1\Form1.resx
		E:\Chapter08\Exercise1\Program.cs = E:\Chapter08\Exercise1\Program.cs
	EndProjectSection
EndProject
Project("{2150E333-8FDC-42A3-9474-1A3956D46DE8}") = "Exercise", "Exercise", "{A40F2693-58DC-4755-ADCF-6A73B1074190}"
EndProject
Project("{FAE04EC0-301F-11D3-BF4B-00C04F79EFBC}") = "Section01", "E:\Chapter06\Section01\Section01.csproj", "{EF9455D2-52DB-49E8-8C55-670B4A73DA23}"
EndProject
Project("{2150E333-8FDC-42A3-9474-1A3956D46DE8}") = "Section01", "Section01", "{461786E2-4ABF-4F1C-91F2-3A5B5678D2D6}"
EndProject
Project("{FAE04EC0-301F-11D3-BF4B-00C04F79EFBC}") = "Exercise1", "E:\Chapter06\Exercise\Exercise1\Exercise1.csproj", "{1E885DF3-233B-466A-A52A-2DCC61A511C0}"
EndProject
Project("{FAE04EC0-301F-11D3-BF4B-00C04F79EFBC}") = "Exercise2", "E:\Chapter06\Exercise\Exercise2\Exercise2.csproj", "{ADDBC5E9-6D37-4094-8370-A54DE0F6485E}"
EndProject
Project("{FAE04EC0-301F-11D3-BF4B-00C04F79EFBC}") = "Exercise1", "E:\Chapter08\Exercise\Exercise1\Exercise1.csproj", "{CAC2DB79-DFF9-4B9B-9ACA-18A1FDB396E8}"
EndProject
Project("{2150E333-8FDC-42A3-9474-1A3956D46DE8}") = "Exercise", "Exercise", "{B19271FF-0285-4B1F-A684-5416A157679C}"
	ProjectSection(SolutionItems) = preProject
		E:\Chapter08\Exercise1\App.config = E:\Chapter08\Exercise1\App.config
		E:\Chapter08\Exercise1\Exercise1.csproj = E:\Chapter08\Exercise1\Exercise1.csproj
		E:\Chapter08\Exercise1\Form1.cs = E:\Chapter08\Exercise1\Form1.cs
		E:\Chapter08\Exercise1\Form1.Designer.cs = E:\Chapter08\Exercise1\Form1.Designer.cs
	EndProjectSection
EndProject
Project("{2150E333-8FDC-42A3-9474-1A3956D46DE8}") = "StopWatch", "StopWatch", "{72A9D8B5-E501-48D6-9D7B-ACFA7D78B715}"
	ProjectSection(SolutionItems) = preProject
		E:\Chapter08\StopWatch\App.config = E:\Chapter08\StopWatch\App.config
		E:\Chapter08\StopWatch\Form1.cs = E:\Chapter08\StopWatch\Form1.cs
		E:\Chapter08\StopWatch\Form1.Designer.cs = E:\Chapter08\StopWatch\Form1.Designer.cs
		E:\Chapter08\StopWatch\Form1.resx = E:\Chapter08\StopWatch\Form1.resx
		E:\Chapter08\StopWatch\Program.cs = E:\Chapter08\StopWatch\Program.cs
		E:\Chapter08\StopWatch\StopWatch.csproj = E:\Chapter08\StopWatch\StopWatch.csproj
	EndProjectSection
EndProject
Project("{2150E333-8FDC-42A3-9474-1A3956D46DE8}") = "Chapter09", "Chapter09", "{427946CF-08CF-4C3E-8C98-6F4549701638}"
EndProject
Project("{FAE04EC0-301F-11D3-BF4B-00C04F79EFBC}") = "Exercise1", "Chapter09\Exercise1\Exercise1.csproj", "{D2867D67-3FD9-4F6F-9209-877C25EFD507}"
EndProject
Project("{FAE04EC0-301F-11D3-BF4B-00C04F79EFBC}") = "Exercise2", "Chapter09\Exercise2\Exercise2.csproj", "{D764423C-4391-419E-83C1-8CA4455C97AA}"
EndProject
Project("{FAE04EC0-301F-11D3-BF4B-00C04F79EFBC}") = "sample0823", "sample0823\sample0823.csproj", "{6A50B61D-8691-4FEA-B522-0C6CA0F6A479}"
EndProject
Project("{2150E333-8FDC-42A3-9474-1A3956D46DE8}") = "RssReader", "RssReader", "{BBA67104-2B3E-4303-BCAE-B0ACD5113551}"
EndProject
Project("{FAE04EC0-301F-11D3-BF4B-00C04F79EFBC}") = "RssReader", "RssReader\RssReader\RssReader.csproj", "{18E51D40-BEFD-43D9-9F4E-F5AD5F3D96FF}"
EndProject
Project("{FAE04EC0-301F-11D3-BF4B-00C04F79EFBC}") = "From2", "RssReader\From2\From2.csproj", "{A4D44347-3FB3-46A5-8529-CE8E760C2EF4}"
EndProject
Project("{FAE04EC0-301F-11D3-BF4B-00C04F79EFBC}") = "SendMail", "SendMail\SendMail.csproj", "{EC020D21-DD55-4B7E-AD10-52BAF799F05A}"
EndProject
Project("{FAE04EC0-301F-11D3-BF4B-00C04F79EFBC}") = "SampleEntityframework", "Entityframework\SampleEntityframework\SampleEntityframework.csproj", "{2ABEE3C5-3EBA-4C22-9324-E609776FB2A3}"
EndProject
Project("{2150E333-8FDC-42A3-9474-1A3956D46DE8}") = "Chapter13", "Chapter13", "{76AEFA93-8028-40BD-9DCB-D768EA377B1E}"
EndProject
Global
	GlobalSection(SolutionConfigurationPlatforms) = preSolution
		Debug|Any CPU = Debug|Any CPU
		Release|Any CPU = Release|Any CPU
	EndGlobalSection
	GlobalSection(ProjectConfigurationPlatforms) = postSolution
		{90DF7E81-6F22-4296-960A-F322241072CE}.Debug|Any CPU.ActiveCfg = Debug|Any CPU
		{90DF7E81-6F22-4296-960A-F322241072CE}.Debug|Any CPU.Build.0 = Debug|Any CPU
		{90DF7E81-6F22-4296-960A-F322241072CE}.Release|Any CPU.ActiveCfg = Release|Any CPU
		{90DF7E81-6F22-4296-960A-F322241072CE}.Release|Any CPU.Build.0 = Release|Any CPU
		{0B6B2F47-52F2-4AC7-87DF-017A30ED918E}.Debug|Any CPU.ActiveCfg = Debug|Any CPU
		{0B6B2F47-52F2-4AC7-87DF-017A30ED918E}.Debug|Any CPU.Build.0 = Debug|Any CPU
		{0B6B2F47-52F2-4AC7-87DF-017A30ED918E}.Release|Any CPU.ActiveCfg = Release|Any CPU
		{0B6B2F47-52F2-4AC7-87DF-017A30ED918E}.Release|Any CPU.Build.0 = Release|Any CPU
		{3B954E8D-0FB2-43E5-99FE-4C763A0D1984}.Debug|Any CPU.ActiveCfg = Debug|Any CPU
		{3B954E8D-0FB2-43E5-99FE-4C763A0D1984}.Debug|Any CPU.Build.0 = Debug|Any CPU
		{3B954E8D-0FB2-43E5-99FE-4C763A0D1984}.Release|Any CPU.ActiveCfg = Release|Any CPU
		{3B954E8D-0FB2-43E5-99FE-4C763A0D1984}.Release|Any CPU.Build.0 = Release|Any CPU
		{33FDCB49-70E0-473A-B039-6EDF1597E194}.Debug|Any CPU.ActiveCfg = Debug|Any CPU
		{33FDCB49-70E0-473A-B039-6EDF1597E194}.Debug|Any CPU.Build.0 = Debug|Any CPU
		{33FDCB49-70E0-473A-B039-6EDF1597E194}.Release|Any CPU.ActiveCfg = Release|Any CPU
		{33FDCB49-70E0-473A-B039-6EDF1597E194}.Release|Any CPU.Build.0 = Release|Any CPU
		{29213709-E751-401B-B94C-E36E78995C06}.Debug|Any CPU.ActiveCfg = Debug|Any CPU
		{29213709-E751-401B-B94C-E36E78995C06}.Debug|Any CPU.Build.0 = Debug|Any CPU
		{29213709-E751-401B-B94C-E36E78995C06}.Release|Any CPU.ActiveCfg = Release|Any CPU
		{29213709-E751-401B-B94C-E36E78995C06}.Release|Any CPU.Build.0 = Release|Any CPU
		{0FD5F78A-4254-4AF6-B180-AFFAAB0CD17F}.Debug|Any CPU.ActiveCfg = Debug|Any CPU
		{0FD5F78A-4254-4AF6-B180-AFFAAB0CD17F}.Debug|Any CPU.Build.0 = Debug|Any CPU
		{0FD5F78A-4254-4AF6-B180-AFFAAB0CD17F}.Release|Any CPU.ActiveCfg = Release|Any CPU
		{0FD5F78A-4254-4AF6-B180-AFFAAB0CD17F}.Release|Any CPU.Build.0 = Release|Any CPU
		{07BA6198-C70D-4E8E-87AB-20CF18A3A7FE}.Debug|Any CPU.ActiveCfg = Debug|Any CPU
		{07BA6198-C70D-4E8E-87AB-20CF18A3A7FE}.Debug|Any CPU.Build.0 = Debug|Any CPU
		{07BA6198-C70D-4E8E-87AB-20CF18A3A7FE}.Release|Any CPU.ActiveCfg = Release|Any CPU
		{07BA6198-C70D-4E8E-87AB-20CF18A3A7FE}.Release|Any CPU.Build.0 = Release|Any CPU
		{09CC7D82-4F23-415E-B974-6EB39A8F5CFB}.Debug|Any CPU.ActiveCfg = Debug|Any CPU
		{09CC7D82-4F23-415E-B974-6EB39A8F5CFB}.Debug|Any CPU.Build.0 = Debug|Any CPU
		{09CC7D82-4F23-415E-B974-6EB39A8F5CFB}.Release|Any CPU.ActiveCfg = Release|Any CPU
		{09CC7D82-4F23-415E-B974-6EB39A8F5CFB}.Release|Any CPU.Build.0 = Release|Any CPU
		{9662A641-6C85-4DA4-8A2F-2C87124F95E6}.Debug|Any CPU.ActiveCfg = Debug|Any CPU
		{9662A641-6C85-4DA4-8A2F-2C87124F95E6}.Debug|Any CPU.Build.0 = Debug|Any CPU
		{9662A641-6C85-4DA4-8A2F-2C87124F95E6}.Release|Any CPU.ActiveCfg = Release|Any CPU
		{9662A641-6C85-4DA4-8A2F-2C87124F95E6}.Release|Any CPU.Build.0 = Release|Any CPU
		{2BFACDC3-F44D-4199-8498-F5C3C4AC0335}.Debug|Any CPU.ActiveCfg = Debug|Any CPU
		{2BFACDC3-F44D-4199-8498-F5C3C4AC0335}.Debug|Any CPU.Build.0 = Debug|Any CPU
		{2BFACDC3-F44D-4199-8498-F5C3C4AC0335}.Release|Any CPU.ActiveCfg = Release|Any CPU
		{2BFACDC3-F44D-4199-8498-F5C3C4AC0335}.Release|Any CPU.Build.0 = Release|Any CPU
		{E461C0A8-8900-485C-B520-E929BA33F712}.Debug|Any CPU.ActiveCfg = Debug|Any CPU
		{E461C0A8-8900-485C-B520-E929BA33F712}.Debug|Any CPU.Build.0 = Debug|Any CPU
		{E461C0A8-8900-485C-B520-E929BA33F712}.Release|Any CPU.ActiveCfg = Release|Any CPU
		{E461C0A8-8900-485C-B520-E929BA33F712}.Release|Any CPU.Build.0 = Release|Any CPU
		{9666A25E-BC82-487A-A2BF-FF02E7DD010C}.Debug|Any CPU.ActiveCfg = Debug|Any CPU
		{9666A25E-BC82-487A-A2BF-FF02E7DD010C}.Debug|Any CPU.Build.0 = Debug|Any CPU
		{9666A25E-BC82-487A-A2BF-FF02E7DD010C}.Release|Any CPU.ActiveCfg = Release|Any CPU
		{9666A25E-BC82-487A-A2BF-FF02E7DD010C}.Release|Any CPU.Build.0 = Release|Any CPU
		{ECC21992-DC9F-40BF-8B60-8C19ED65749C}.Debug|Any CPU.ActiveCfg = Debug|Any CPU
		{ECC21992-DC9F-40BF-8B60-8C19ED65749C}.Debug|Any CPU.Build.0 = Debug|Any CPU
		{ECC21992-DC9F-40BF-8B60-8C19ED65749C}.Release|Any CPU.ActiveCfg = Release|Any CPU
		{ECC21992-DC9F-40BF-8B60-8C19ED65749C}.Release|Any CPU.Build.0 = Release|Any CPU
		{C82266BE-6C97-4294-89E1-F1FD0B87B6E0}.Debug|Any CPU.ActiveCfg = Debug|Any CPU
		{C82266BE-6C97-4294-89E1-F1FD0B87B6E0}.Debug|Any CPU.Build.0 = Debug|Any CPU
		{C82266BE-6C97-4294-89E1-F1FD0B87B6E0}.Release|Any CPU.ActiveCfg = Release|Any CPU
		{C82266BE-6C97-4294-89E1-F1FD0B87B6E0}.Release|Any CPU.Build.0 = Release|Any CPU
		{EF9455D2-52DB-49E8-8C55-670B4A73DA23}.Debug|Any CPU.ActiveCfg = Debug|Any CPU
		{EF9455D2-52DB-49E8-8C55-670B4A73DA23}.Debug|Any CPU.Build.0 = Debug|Any CPU
		{EF9455D2-52DB-49E8-8C55-670B4A73DA23}.Release|Any CPU.ActiveCfg = Release|Any CPU
		{EF9455D2-52DB-49E8-8C55-670B4A73DA23}.Release|Any CPU.Build.0 = Release|Any CPU
		{1E885DF3-233B-466A-A52A-2DCC61A511C0}.Debug|Any CPU.ActiveCfg = Debug|Any CPU
		{1E885DF3-233B-466A-A52A-2DCC61A511C0}.Debug|Any CPU.Build.0 = Debug|Any CPU
		{1E885DF3-233B-466A-A52A-2DCC61A511C0}.Release|Any CPU.ActiveCfg = Release|Any CPU
		{1E885DF3-233B-466A-A52A-2DCC61A511C0}.Release|Any CPU.Build.0 = Release|Any CPU
		{ADDBC5E9-6D37-4094-8370-A54DE0F6485E}.Debug|Any CPU.ActiveCfg = Debug|Any CPU
		{ADDBC5E9-6D37-4094-8370-A54DE0F6485E}.Debug|Any CPU.Build.0 = Debug|Any CPU
		{ADDBC5E9-6D37-4094-8370-A54DE0F6485E}.Release|Any CPU.ActiveCfg = Release|Any CPU
		{ADDBC5E9-6D37-4094-8370-A54DE0F6485E}.Release|Any CPU.Build.0 = Release|Any CPU
		{CAC2DB79-DFF9-4B9B-9ACA-18A1FDB396E8}.Debug|Any CPU.ActiveCfg = Debug|Any CPU
		{CAC2DB79-DFF9-4B9B-9ACA-18A1FDB396E8}.Debug|Any CPU.Build.0 = Debug|Any CPU
		{CAC2DB79-DFF9-4B9B-9ACA-18A1FDB396E8}.Release|Any CPU.ActiveCfg = Release|Any CPU
		{CAC2DB79-DFF9-4B9B-9ACA-18A1FDB396E8}.Release|Any CPU.Build.0 = Release|Any CPU
		{D2867D67-3FD9-4F6F-9209-877C25EFD507}.Debug|Any CPU.ActiveCfg = Debug|Any CPU
		{D2867D67-3FD9-4F6F-9209-877C25EFD507}.Debug|Any CPU.Build.0 = Debug|Any CPU
		{D2867D67-3FD9-4F6F-9209-877C25EFD507}.Release|Any CPU.ActiveCfg = Release|Any CPU
		{D2867D67-3FD9-4F6F-9209-877C25EFD507}.Release|Any CPU.Build.0 = Release|Any CPU
		{D764423C-4391-419E-83C1-8CA4455C97AA}.Debug|Any CPU.ActiveCfg = Debug|Any CPU
		{D764423C-4391-419E-83C1-8CA4455C97AA}.Debug|Any CPU.Build.0 = Debug|Any CPU
		{D764423C-4391-419E-83C1-8CA4455C97AA}.Release|Any CPU.ActiveCfg = Release|Any CPU
		{D764423C-4391-419E-83C1-8CA4455C97AA}.Release|Any CPU.Build.0 = Release|Any CPU
		{6A50B61D-8691-4FEA-B522-0C6CA0F6A479}.Debug|Any CPU.ActiveCfg = Debug|Any CPU
		{6A50B61D-8691-4FEA-B522-0C6CA0F6A479}.Debug|Any CPU.Build.0 = Debug|Any CPU
		{6A50B61D-8691-4FEA-B522-0C6CA0F6A479}.Release|Any CPU.ActiveCfg = Release|Any CPU
		{6A50B61D-8691-4FEA-B522-0C6CA0F6A479}.Release|Any CPU.Build.0 = Release|Any CPU
		{18E51D40-BEFD-43D9-9F4E-F5AD5F3D96FF}.Debug|Any CPU.ActiveCfg = Debug|Any CPU
		{18E51D40-BEFD-43D9-9F4E-F5AD5F3D96FF}.Debug|Any CPU.Build.0 = Debug|Any CPU
		{18E51D40-BEFD-43D9-9F4E-F5AD5F3D96FF}.Release|Any CPU.ActiveCfg = Release|Any CPU
		{18E51D40-BEFD-43D9-9F4E-F5AD5F3D96FF}.Release|Any CPU.Build.0 = Release|Any CPU
		{A4D44347-3FB3-46A5-8529-CE8E760C2EF4}.Debug|Any CPU.ActiveCfg = Debug|Any CPU
		{A4D44347-3FB3-46A5-8529-CE8E760C2EF4}.Debug|Any CPU.Build.0 = Debug|Any CPU
		{A4D44347-3FB3-46A5-8529-CE8E760C2EF4}.Release|Any CPU.ActiveCfg = Release|Any CPU
		{A4D44347-3FB3-46A5-8529-CE8E760C2EF4}.Release|Any CPU.Build.0 = Release|Any CPU
		{EC020D21-DD55-4B7E-AD10-52BAF799F05A}.Debug|Any CPU.ActiveCfg = Debug|Any CPU
		{EC020D21-DD55-4B7E-AD10-52BAF799F05A}.Debug|Any CPU.Build.0 = Debug|Any CPU
		{EC020D21-DD55-4B7E-AD10-52BAF799F05A}.Release|Any CPU.ActiveCfg = Release|Any CPU
		{EC020D21-DD55-4B7E-AD10-52BAF799F05A}.Release|Any CPU.Build.0 = Release|Any CPU
		{2ABEE3C5-3EBA-4C22-9324-E609776FB2A3}.Debug|Any CPU.ActiveCfg = Debug|Any CPU
		{2ABEE3C5-3EBA-4C22-9324-E609776FB2A3}.Debug|Any CPU.Build.0 = Debug|Any CPU
		{2ABEE3C5-3EBA-4C22-9324-E609776FB2A3}.Release|Any CPU.ActiveCfg = Release|Any CPU
		{2ABEE3C5-3EBA-4C22-9324-E609776FB2A3}.Release|Any CPU.Build.0 = Release|Any CPU
	EndGlobalSection
	GlobalSection(SolutionProperties) = preSolution
		HideSolutionNode = FALSE
	EndGlobalSection
	GlobalSection(NestedProjects) = preSolution
		{90DF7E81-6F22-4296-960A-F322241072CE} = {F071A841-5391-4D56-919E-0D9D89AC8070}
		{0B6B2F47-52F2-4AC7-87DF-017A30ED918E} = {F071A841-5391-4D56-919E-0D9D89AC8070}
		{3B954E8D-0FB2-43E5-99FE-4C763A0D1984} = {E2F6D776-6BC7-4ED1-AE5A-0F4FF33DB669}
		{E2F6D776-6BC7-4ED1-AE5A-0F4FF33DB669} = {F071A841-5391-4D56-919E-0D9D89AC8070}
		{33FDCB49-70E0-473A-B039-6EDF1597E194} = {E2F6D776-6BC7-4ED1-AE5A-0F4FF33DB669}
		{29213709-E751-401B-B94C-E36E78995C06} = {E2F6D776-6BC7-4ED1-AE5A-0F4FF33DB669}
		{0FD5F78A-4254-4AF6-B180-AFFAAB0CD17F} = {5BD1ACF9-27CA-4620-BAD6-5D7F3126B2E8}
		{07BA6198-C70D-4E8E-87AB-20CF18A3A7FE} = {5BD1ACF9-27CA-4620-BAD6-5D7F3126B2E8}
		{5BD1ACF9-27CA-4620-BAD6-5D7F3126B2E8} = {A7814745-4777-4575-A201-5CCC510941DF}
		{09CC7D82-4F23-415E-B974-6EB39A8F5CFB} = {5BD1ACF9-27CA-4620-BAD6-5D7F3126B2E8}
		{9662A641-6C85-4DA4-8A2F-2C87124F95E6} = {75124279-98D9-433D-A618-E41A62E90B6A}
		{2BFACDC3-F44D-4199-8498-F5C3C4AC0335} = {EF7E40C2-6165-4F3D-84A9-2F80C33D5AFB}
		{E461C0A8-8900-485C-B520-E929BA33F712} = {EF7E40C2-6165-4F3D-84A9-2F80C33D5AFB}
		{9666A25E-BC82-487A-A2BF-FF02E7DD010C} = {DD343856-D0E2-4DBF-AEDF-DE7C60AC3F74}
		{ECC21992-DC9F-40BF-8B60-8C19ED65749C} = {DD343856-D0E2-4DBF-AEDF-DE7C60AC3F74}
		{C82266BE-6C97-4294-89E1-F1FD0B87B6E0} = {08B6BEAE-C0ED-4982-9A62-1545DAED9E20}
		{A40F2693-58DC-4755-ADCF-6A73B1074190} = {453AB941-99FD-4073-BCC4-EE6CEAC63DCB}
		{EF9455D2-52DB-49E8-8C55-670B4A73DA23} = {461786E2-4ABF-4F1C-91F2-3A5B5678D2D6}
		{461786E2-4ABF-4F1C-91F2-3A5B5678D2D6} = {453AB941-99FD-4073-BCC4-EE6CEAC63DCB}
		{1E885DF3-233B-466A-A52A-2DCC61A511C0} = {A40F2693-58DC-4755-ADCF-6A73B1074190}
		{ADDBC5E9-6D37-4094-8370-A54DE0F6485E} = {A40F2693-58DC-4755-ADCF-6A73B1074190}
		{CAC2DB79-DFF9-4B9B-9ACA-18A1FDB396E8} = {B19271FF-0285-4B1F-A684-5416A157679C}
		{B19271FF-0285-4B1F-A684-5416A157679C} = {381D919C-00B3-45F3-BBD5-FA826C7F2C81}
		{72A9D8B5-E501-48D6-9D7B-ACFA7D78B715} = {381D919C-00B3-45F3-BBD5-FA826C7F2C81}
		{D2867D67-3FD9-4F6F-9209-877C25EFD507} = {427946CF-08CF-4C3E-8C98-6F4549701638}
		{D764423C-4391-419E-83C1-8CA4455C97AA} = {427946CF-08CF-4C3E-8C98-6F4549701638}
		{18E51D40-BEFD-43D9-9F4E-F5AD5F3D96FF} = {BBA67104-2B3E-4303-BCAE-B0ACD5113551}
		{A4D44347-3FB3-46A5-8529-CE8E760C2EF4} = {BBA67104-2B3E-4303-BCAE-B0ACD5113551}
		{2ABEE3C5-3EBA-4C22-9324-E609776FB2A3} = {76AEFA93-8028-40BD-9DCB-D768EA377B1E}
	EndGlobalSection
	GlobalSection(ExtensibilityGlobals) = postSolution
		SolutionGuid = {59FDFC49-DED4-4DB4-BD53-9CCC75560BC8}
	EndGlobalSection
EndGlobal
