
Microsoft Visual Studio Solution File, Format Version 12.00
# Visual Studio Version 16
VisualStudioVersion = 16.0.31112.23
MinimumVisualStudioVersion = 10.0.40219.1
Project("{2150E333-8FDC-42A3-9474-1A3956D46DE8}") = "Chapter02", "Chapter02", "{F071A841-5391-4D56-919E-0D9D89AC8070}"
EndProject
Project("{FAE04EC0-301F-11D3-BF4B-00C04F79EFBC}") = "DistanceConverter", "DistanceConverter\DistanceConverter.csproj", "{90DF7E81-6F22-4296-960A-F322241072CE}"
EndProject
Project("{FAE04EC0-301F-11D3-BF4B-00C04F79EFBC}") = "SalesCalculator", "SalesCalculator\SalesCalculator.csproj", "{0B6B2F47-52F2-4AC7-87DF-017A30ED918E}"
EndProject
Project("{FAE04EC0-301F-11D3-BF4B-00C04F79EFBC}") = "Exercise1", "Exercise1\Exercise1.csproj", "{3B954E8D-0FB2-43E5-99FE-4C763A0D1984}"
EndProject
Project("{2150E333-8FDC-42A3-9474-1A3956D46DE8}") = "Exercise", "Exercise", "{E2F6D776-6BC7-4ED1-AE5A-0F4FF33DB669}"
EndProject
Project("{FAE04EC0-301F-11D3-BF4B-00C04F79EFBC}") = "Exercise2", "Exercise2\Exercise2.csproj", "{33FDCB49-70E0-473A-B039-6EDF1597E194}"
EndProject
Project("{FAE04EC0-301F-11D3-BF4B-00C04F79EFBC}") = "Exercise3", "Exercise3\Exercise3.csproj", "{29213709-E751-401B-B94C-E36E78995C06}"
EndProject
Project("{FAE04EC0-301F-11D3-BF4B-00C04F79EFBC}") = "section01", "section01\section01.csproj", "{0FD5F78A-4254-4AF6-B180-AFFAAB0CD17F}"
EndProject
Project("{2150E333-8FDC-42A3-9474-1A3956D46DE8}") = "Chapter03", "Chapter03", "{C66B3A82-F576-4CD8-BC83-9A3A86A96847}"
EndProject
Global
	GlobalSection(SolutionConfigurationPlatforms) = preSolution
		Debug|Any CPU = Debug|Any CPU
		Release|Any CPU = Release|Any CPU
	EndGlobalSection
	GlobalSection(ProjectConfigurationPlatforms) = postSolution
		{90DF7E81-6F22-4296-960A-F322241072CE}.Debug|Any CPU.ActiveCfg = Debug|Any CPU
		{90DF7E81-6F22-4296-960A-F322241072CE}.Debug|Any CPU.Build.0 = Debug|Any CPU
		{90DF7E81-6F22-4296-960A-F322241072CE}.Release|Any CPU.ActiveCfg = Release|Any CPU
		{90DF7E81-6F22-4296-960A-F322241072CE}.Release|Any CPU.Build.0 = Release|Any CPU
		{0B6B2F47-52F2-4AC7-87DF-017A30ED918E}.Debug|Any CPU.ActiveCfg = Debug|Any CPU
		{0B6B2F47-52F2-4AC7-87DF-017A30ED918E}.Debug|Any CPU.Build.0 = Debug|Any CPU
		{0B6B2F47-52F2-4AC7-87DF-017A30ED918E}.Release|Any CPU.ActiveCfg = Release|Any CPU
		{0B6B2F47-52F2-4AC7-87DF-017A30ED918E}.Release|Any CPU.Build.0 = Release|Any CPU
		{3B954E8D-0FB2-43E5-99FE-4C763A0D1984}.Debug|Any CPU.ActiveCfg = Debug|Any CPU
		{3B954E8D-0FB2-43E5-99FE-4C763A0D1984}.Debug|Any CPU.Build.0 = Debug|Any CPU
		{3B954E8D-0FB2-43E5-99FE-4C763A0D1984}.Release|Any CPU.ActiveCfg = Release|Any CPU
		{3B954E8D-0FB2-43E5-99FE-4C763A0D1984}.Release|Any CPU.Build.0 = Release|Any CPU
		{33FDCB49-70E0-473A-B039-6EDF1597E194}.Debug|Any CPU.ActiveCfg = Debug|Any CPU
		{33FDCB49-70E0-473A-B039-6EDF1597E194}.Debug|Any CPU.Build.0 = Debug|Any CPU
		{33FDCB49-70E0-473A-B039-6EDF1597E194}.Release|Any CPU.ActiveCfg = Release|Any CPU
		{33FDCB49-70E0-473A-B039-6EDF1597E194}.Release|Any CPU.Build.0 = Release|Any CPU
		{29213709-E751-401B-B94C-E36E78995C06}.Debug|Any CPU.ActiveCfg = Debug|Any CPU
		{29213709-E751-401B-B94C-E36E78995C06}.Debug|Any CPU.Build.0 = Debug|Any CPU
		{29213709-E751-401B-B94C-E36E78995C06}.Release|Any CPU.ActiveCfg = Release|Any CPU
		{29213709-E751-401B-B94C-E36E78995C06}.Release|Any CPU.Build.0 = Release|Any CPU
		{0FD5F78A-4254-4AF6-B180-AFFAAB0CD17F}.Debug|Any CPU.ActiveCfg = Debug|Any CPU
		{0FD5F78A-4254-4AF6-B180-AFFAAB0CD17F}.Debug|Any CPU.Build.0 = Debug|Any CPU
		{0FD5F78A-4254-4AF6-B180-AFFAAB0CD17F}.Release|Any CPU.ActiveCfg = Release|Any CPU
		{0FD5F78A-4254-4AF6-B180-AFFAAB0CD17F}.Release|Any CPU.Build.0 = Release|Any CPU
	EndGlobalSection
	GlobalSection(SolutionProperties) = preSolution
		HideSolutionNode = FALSE
	EndGlobalSection
	GlobalSection(NestedProjects) = preSolution
		{90DF7E81-6F22-4296-960A-F322241072CE} = {F071A841-5391-4D56-919E-0D9D89AC8070}
		{0B6B2F47-52F2-4AC7-87DF-017A30ED918E} = {F071A841-5391-4D56-919E-0D9D89AC8070}
		{3B954E8D-0FB2-43E5-99FE-4C763A0D1984} = {E2F6D776-6BC7-4ED1-AE5A-0F4FF33DB669}
		{E2F6D776-6BC7-4ED1-AE5A-0F4FF33DB669} = {F071A841-5391-4D56-919E-0D9D89AC8070}
		{33FDCB49-70E0-473A-B039-6EDF1597E194} = {E2F6D776-6BC7-4ED1-AE5A-0F4FF33DB669}
		{29213709-E751-401B-B94C-E36E78995C06} = {E2F6D776-6BC7-4ED1-AE5A-0F4FF33DB669}
		{0FD5F78A-4254-4AF6-B180-AFFAAB0CD17F} = {C66B3A82-F576-4CD8-BC83-9A3A86A96847}
	EndGlobalSection
	GlobalSection(ExtensibilityGlobals) = postSolution
		SolutionGuid = {59FDFC49-DED4-4DB4-BD53-9CCC75560BC8}
	EndGlobalSection
EndGlobal
