
Microsoft Visual Studio Solution File, Format Version 12.00
# Visual Studio Version 16
VisualStudioVersion = 16.0.31515.178
MinimumVisualStudioVersion = 10.0.40219.1
Project("{FAE04EC0-301F-11D3-BF4B-00C04F79EFBC}") = "SampleApp", "SampleApp.csproj", "{7C48D73F-5C82-4CF5-B18A-1387952AA6DA}"
EndProject
Project("{FAE04EC0-301F-11D3-BF4B-00C04F79EFBC}") = "SampleGridApp", "..\SampleGridApp\SampleGridApp.csproj", "{82C7359C-8245-40C7-8FB4-C668B2E1112D}"
EndProject
Project("{FAE04EC0-301F-11D3-BF4B-00C04F79EFBC}") = "SampleUnitConverter", "..\SampleUnitConverter\SampleUnitConverter.csproj", "{1E1B0501-B988-42B9-B069-DB9E705709A6}"
EndProject
Project("{FAE04EC0-301F-11D3-BF4B-00C04F79EFBC}") = "NumberGame", "..\NumberGame\NumberGame.csproj", "{1D8E4FDE-1E3D-41F0-9FB6-2837B48978AE}"
EndProject
Project("{2150E333-8FDC-42A3-9474-1A3956D46DE8}") = "Games", "Games", "{21D475A9-581D-44BF-AB4A-9DCE649F97F2}"
EndProject
Project("{FAE04EC0-301F-11D3-BF4B-00C04F79EFBC}") = "Pelmanism", "..\..\Game\Pelmanism\Pelmanism.csproj", "{6E5E718E-25DE-4956-8C87-A89F7543027F}"
EndProject
Global
	GlobalSection(SolutionConfigurationPlatforms) = preSolution
		Debug|Any CPU = Debug|Any CPU
		Release|Any CPU = Release|Any CPU
	EndGlobalSection
	GlobalSection(ProjectConfigurationPlatforms) = postSolution
		{7C48D73F-5C82-4CF5-B18A-1387952AA6DA}.Debug|Any CPU.ActiveCfg = Debug|Any CPU
		{7C48D73F-5C82-4CF5-B18A-1387952AA6DA}.Debug|Any CPU.Build.0 = Debug|Any CPU
		{7C48D73F-5C82-4CF5-B18A-1387952AA6DA}.Release|Any CPU.ActiveCfg = Release|Any CPU
		{7C48D73F-5C82-4CF5-B18A-1387952AA6DA}.Release|Any CPU.Build.0 = Release|Any CPU
		{82C7359C-8245-40C7-8FB4-C668B2E1112D}.Debug|Any CPU.ActiveCfg = Debug|Any CPU
		{82C7359C-8245-40C7-8FB4-C668B2E1112D}.Debug|Any CPU.Build.0 = Debug|Any CPU
		{82C7359C-8245-40C7-8FB4-C668B2E1112D}.Release|Any CPU.ActiveCfg = Release|Any CPU
		{82C7359C-8245-40C7-8FB4-C668B2E1112D}.Release|Any CPU.Build.0 = Release|Any CPU
		{1E1B0501-B988-42B9-B069-DB9E705709A6}.Debug|Any CPU.ActiveCfg = Debug|Any CPU
		{1E1B0501-B988-42B9-B069-DB9E705709A6}.Debug|Any CPU.Build.0 = Debug|Any CPU
		{1E1B0501-B988-42B9-B069-DB9E705709A6}.Release|Any CPU.ActiveCfg = Release|Any CPU
		{1E1B0501-B988-42B9-B069-DB9E705709A6}.Release|Any CPU.Build.0 = Release|Any CPU
		{1D8E4FDE-1E3D-41F0-9FB6-2837B48978AE}.Debug|Any CPU.ActiveCfg = Debug|Any CPU
		{1D8E4FDE-1E3D-41F0-9FB6-2837B48978AE}.Debug|Any CPU.Build.0 = Debug|Any CPU
		{1D8E4FDE-1E3D-41F0-9FB6-2837B48978AE}.Release|Any CPU.ActiveCfg = Release|Any CPU
		{1D8E4FDE-1E3D-41F0-9FB6-2837B48978AE}.Release|Any CPU.Build.0 = Release|Any CPU
		{6E5E718E-25DE-4956-8C87-A89F7543027F}.Debug|Any CPU.ActiveCfg = Debug|Any CPU
		{6E5E718E-25DE-4956-8C87-A89F7543027F}.Debug|Any CPU.Build.0 = Debug|Any CPU
		{6E5E718E-25DE-4956-8C87-A89F7543027F}.Release|Any CPU.ActiveCfg = Release|Any CPU
		{6E5E718E-25DE-4956-8C87-A89F7543027F}.Release|Any CPU.Build.0 = Release|Any CPU
	EndGlobalSection
	GlobalSection(SolutionProperties) = preSolution
		HideSolutionNode = FALSE
	EndGlobalSection
	GlobalSection(NestedProjects) = preSolution
		{6E5E718E-25DE-4956-8C87-A89F7543027F} = {21D475A9-581D-44BF-AB4A-9DCE649F97F2}
	EndGlobalSection
	GlobalSection(ExtensibilityGlobals) = postSolution
		SolutionGuid = {0FD428B3-E7D5-4B0A-9F39-F62087213D60}
	EndGlobalSection
EndGlobal
